// !$*UTF8*$!
{
	archiveVersion = 1;
	classes = {
	};
	objectVersion = 50;
	objects = {

/* Begin PBXBuildFile section */
		D414F66F26B1639200655E1A /* MissionViewController.swift in Sources */ = {isa = PBXBuildFile; fileRef = D414F66E26B1639200655E1A /* MissionViewController.swift */; };
		D414F67126B1655C00655E1A /* MissionView.storyboard in Resources */ = {isa = PBXBuildFile; fileRef = D414F67026B1655C00655E1A /* MissionView.storyboard */; };
		D428C66C26A3BD2000E0E7DB /* AppDelegate.swift in Sources */ = {isa = PBXBuildFile; fileRef = D428C66B26A3BD2000E0E7DB /* AppDelegate.swift */; };
		D428C66E26A3BD2000E0E7DB /* SceneDelegate.swift in Sources */ = {isa = PBXBuildFile; fileRef = D428C66D26A3BD2000E0E7DB /* SceneDelegate.swift */; };
		D428C67026A3BD2000E0E7DB /* ViewController.swift in Sources */ = {isa = PBXBuildFile; fileRef = D428C66F26A3BD2000E0E7DB /* ViewController.swift */; };
		D428C67326A3BD2000E0E7DB /* Main.storyboard in Resources */ = {isa = PBXBuildFile; fileRef = D428C67126A3BD2000E0E7DB /* Main.storyboard */; };
		D428C67526A3BD2200E0E7DB /* Assets.xcassets in Resources */ = {isa = PBXBuildFile; fileRef = D428C67426A3BD2200E0E7DB /* Assets.xcassets */; };
		D428C67826A3BD2200E0E7DB /* LaunchScreen.storyboard in Resources */ = {isa = PBXBuildFile; fileRef = D428C67626A3BD2200E0E7DB /* LaunchScreen.storyboard */; };
/* End PBXBuildFile section */

/* Begin PBXFileReference section */
		D414F66E26B1639200655E1A /* MissionViewController.swift */ = {isa = PBXFileReference; lastKnownFileType = sourcecode.swift; path = MissionViewController.swift; sourceTree = "<group>"; };
		D414F67026B1655C00655E1A /* MissionView.storyboard */ = {isa = PBXFileReference; lastKnownFileType = file.storyboard; path = MissionView.storyboard; sourceTree = "<group>"; };
		D428C66826A3BD2000E0E7DB /* IOS_UIKit_study.app */ = {isa = PBXFileReference; explicitFileType = wrapper.application; includeInIndex = 0; path = IOS_UIKit_study.app; sourceTree = BUILT_PRODUCTS_DIR; };
		D428C66B26A3BD2000E0E7DB /* AppDelegate.swift */ = {isa = PBXFileReference; lastKnownFileType = sourcecode.swift; path = AppDelegate.swift; sourceTree = "<group>"; };
		D428C66D26A3BD2000E0E7DB /* SceneDelegate.swift */ = {isa = PBXFileReference; lastKnownFileType = sourcecode.swift; path = SceneDelegate.swift; sourceTree = "<group>"; };
		D428C66F26A3BD2000E0E7DB /* ViewController.swift */ = {isa = PBXFileReference; lastKnownFileType = sourcecode.swift; path = ViewController.swift; sourceTree = "<group>"; };
		D428C67226A3BD2000E0E7DB /* Base */ = {isa = PBXFileReference; lastKnownFileType = file.storyboard; name = Base; path = Base.lproj/Main.storyboard; sourceTree = "<group>"; };
		D428C67426A3BD2200E0E7DB /* Assets.xcassets */ = {isa = PBXFileReference; lastKnownFileType = folder.assetcatalog; path = Assets.xcassets; sourceTree = "<group>"; };
		D428C67726A3BD2200E0E7DB /* Base */ = {isa = PBXFileReference; lastKnownFileType = file.storyboard; name = Base; path = Base.lproj/LaunchScreen.storyboard; sourceTree = "<group>"; };
		D428C67926A3BD2200E0E7DB /* Info.plist */ = {isa = PBXFileReference; lastKnownFileType = text.plist.xml; path = Info.plist; sourceTree = "<group>"; };
/* End PBXFileReference section */

/* Begin PBXFrameworksBuildPhase section */
		D428C66526A3BD2000E0E7DB /* Frameworks */ = {
			isa = PBXFrameworksBuildPhase;
			buildActionMask = 2147483647;
			files = (
			);
			runOnlyForDeploymentPostprocessing = 0;
		};
/* End PBXFrameworksBuildPhase section */

/* Begin PBXGroup section */
		D428C65F26A3BD2000E0E7DB = {
			isa = PBXGroup;
			children = (
				D428C66A26A3BD2000E0E7DB /* IOS_UIKit_study */,
				D428C66926A3BD2000E0E7DB /* Products */,
			);
			sourceTree = "<group>";
		};
		D428C66926A3BD2000E0E7DB /* Products */ = {
			isa = PBXGroup;
			children = (
				D428C66826A3BD2000E0E7DB /* IOS_UIKit_study.app */,
			);
			name = Products;
			sourceTree = "<group>";
		};
		D428C66A26A3BD2000E0E7DB /* IOS_UIKit_study */ = {
			isa = PBXGroup;
			children = (
				D428C66B26A3BD2000E0E7DB /* AppDelegate.swift */,
				D428C66D26A3BD2000E0E7DB /* SceneDelegate.swift */,
				D428C66F26A3BD2000E0E7DB /* ViewController.swift */,
				D414F66E26B1639200655E1A /* MissionViewController.swift */,
				D428C67126A3BD2000E0E7DB /* Main.storyboard */,
				D414F67026B1655C00655E1A /* MissionView.storyboard */,
				D428C67426A3BD2200E0E7DB /* Assets.xcassets */,
				D428C67626A3BD2200E0E7DB /* LaunchScreen.storyboard */,
				D428C67926A3BD2200E0E7DB /* Info.plist */,
			);
			path = IOS_UIKit_study;
			sourceTree = "<group>";
		};
/* End PBXGroup section */

/* Begin PBXNativeTarget section */
		D428C66726A3BD2000E0E7DB /* IOS_UIKit_study */ = {
			isa = PBXNativeTarget;
			buildConfigurationList = D428C67C26A3BD2200E0E7DB /* Build configuration list for PBXNativeTarget "IOS_UIKit_study" */;
			buildPhases = (
				D428C66426A3BD2000E0E7DB /* Sources */,
				D428C66526A3BD2000E0E7DB /* Frameworks */,
				D428C66626A3BD2000E0E7DB /* Resources */,
			);
			buildRules = (
			);
			dependencies = (
			);
			name = IOS_UIKit_study;
			productName = IOS_UIKit_study;
			productReference = D428C66826A3BD2000E0E7DB /* IOS_UIKit_study.app */;
			productType = "com.apple.product-type.application";
		};
/* End PBXNativeTarget section */

/* Begin PBXProject section */
		D428C66026A3BD2000E0E7DB /* Project object */ = {
			isa = PBXProject;
			attributes = {
				LastSwiftUpdateCheck = 1250;
				LastUpgradeCheck = 1250;
				TargetAttributes = {
					D428C66726A3BD2000E0E7DB = {
						CreatedOnToolsVersion = 12.5;
					};
				};
			};
			buildConfigurationList = D428C66326A3BD2000E0E7DB /* Build configuration list for PBXProject "IOS_UIKit_study" */;
			compatibilityVersion = "Xcode 9.3";
			developmentRegion = en;
			hasScannedForEncodings = 0;
			knownRegions = (
				en,
				Base,
			);
			mainGroup = D428C65F26A3BD2000E0E7DB;
			productRefGroup = D428C66926A3BD2000E0E7DB /* Products */;
			projectDirPath = "";
			projectRoot = "";
			targets = (
				D428C66726A3BD2000E0E7DB /* IOS_UIKit_study */,
			);
		};
/* End PBXProject section */

/* Begin PBXResourcesBuildPhase section */
		D428C66626A3BD2000E0E7DB /* Resources */ = {
			isa = PBXResourcesBuildPhase;
			buildActionMask = 2147483647;
			files = (
				D428C67826A3BD2200E0E7DB /* LaunchScreen.storyboard in Resources */,
				D428C67526A3BD2200E0E7DB /* Assets.xcassets in Resources */,
				D414F67126B1655C00655E1A /* MissionView.storyboard in Resources */,
				D428C67326A3BD2000E0E7DB /* Main.storyboard in Resources */,
			);
			runOnlyForDeploymentPostprocessing = 0;
		};
/* End PBXResourcesBuildPhase section */

/* Begin PBXSourcesBuildPhase section */
		D428C66426A3BD2000E0E7DB /* Sources */ = {
			isa = PBXSourcesBuildPhase;
			buildActionMask = 2147483647;
			files = (
				D428C67026A3BD2000E0E7DB /* ViewController.swift in Sources */,
				D428C66C26A3BD2000E0E7DB /* AppDelegate.swift in Sources */,
				D428C66E26A3BD2000E0E7DB /* SceneDelegate.swift in Sources */,
				D414F66F26B1639200655E1A /* MissionViewController.swift in Sources */,
			);
			runOnlyForDeploymentPostprocessing = 0;
		};
/* End PBXSourcesBuildPhase section */

/* Begin PBXVariantGroup section */
		D428C67126A3BD2000E0E7DB /* Main.storyboard */ = {
			isa = PBXVariantGroup;
			children = (
				D428C67226A3BD2000E0E7DB /* Base */,
			);
			name = Main.storyboard;
			sourceTree = "<group>";
		};
		D428C67626A3BD2200E0E7DB /* LaunchScreen.storyboard */ = {
			isa = PBXVariantGroup;
			children = (
				D428C67726A3BD2200E0E7DB /* Base */,
			);
			name = LaunchScreen.storyboard;
			sourceTree = "<group>";
		};
/* End PBXVariantGroup section */

/* Begin XCBuildConfiguration section */
		D428C67A26A3BD2200E0E7DB /* Debug */ = {
			isa = XCBuildConfiguration;
			buildSettings = {
				ALWAYS_SEARCH_USER_PATHS = NO;
				CLANG_ANALYZER_NONNULL = YES;
				CLANG_ANALYZER_NUMBER_OBJECT_CONVERSION = YES_AGGRESSIVE;
				CLANG_CXX_LANGUAGE_STANDARD = "gnu++14";
				CLANG_CXX_LIBRARY = "libc++";
				CLANG_ENABLE_MODULES = YES;
				CLANG_ENABLE_OBJC_ARC = YES;
				CLANG_ENABLE_OBJC_WEAK = YES;
				CLANG_WARN_BLOCK_CAPTURE_AUTORELEASING = YES;
				CLANG_WARN_BOOL_CONVERSION = YES;
				CLANG_WARN_COMMA = YES;
				CLANG_WARN_CONSTANT_CONVERSION = YES;
				CLANG_WARN_DEPRECATED_OBJC_IMPLEMENTATIONS = YES;
				CLANG_WARN_DIRECT_OBJC_ISA_USAGE = YES_ERROR;
				CLANG_WARN_DOCUMENTATION_COMMENTS = YES;
				CLANG_WARN_EMPTY_BODY = YES;
				CLANG_WARN_ENUM_CONVERSION = YES;
				CLANG_WARN_INFINITE_RECURSION = YES;
				CLANG_WARN_INT_CONVERSION = YES;
				CLANG_WARN_NON_LITERAL_NULL_CONVERSION = YES;
				CLANG_WARN_OBJC_IMPLICIT_RETAIN_SELF = YES;
				CLANG_WARN_OBJC_LITERAL_CONVERSION = YES;
				CLANG_WARN_OBJC_ROOT_CLASS = YES_ERROR;
				CLANG_WARN_QUOTED_INCLUDE_IN_FRAMEWORK_HEADER = YES;
				CLANG_WARN_RANGE_LOOP_ANALYSIS = YES;
				CLANG_WARN_STRICT_PROTOTYPES = YES;
				CLANG_WARN_SUSPICIOUS_MOVE = YES;
				CLANG_WARN_UNGUARDED_AVAILABILITY = YES_AGGRESSIVE;
				CLANG_WARN_UNREACHABLE_CODE = YES;
				CLANG_WARN__DUPLICATE_METHOD_MATCH = YES;
				COPY_PHASE_STRIP = NO;
				DEBUG_INFORMATION_FORMAT = dwarf;
				ENABLE_STRICT_OBJC_MSGSEND = YES;
				ENABLE_TESTABILITY = YES;
				GCC_C_LANGUAGE_STANDARD = gnu11;
				GCC_DYNAMIC_NO_PIC = NO;
				GCC_NO_COMMON_BLOCKS = YES;
				GCC_OPTIMIZATION_LEVEL = 0;
				GCC_PREPROCESSOR_DEFINITIONS = (
					"DEBUG=1",
					"$(inherited)",
				);
				GCC_WARN_64_TO_32_BIT_CONVERSION = YES;
				GCC_WARN_ABOUT_RETURN_TYPE = YES_ERROR;
				GCC_WARN_UNDECLARED_SELECTOR = YES;
				GCC_WARN_UNINITIALIZED_AUTOS = YES_AGGRESSIVE;
				GCC_WARN_UNUSED_FUNCTION = YES;
				GCC_WARN_UNUSED_VARIABLE = YES;
				IPHONEOS_DEPLOYMENT_TARGET = 14.5;
				MTL_ENABLE_DEBUG_INFO = INCLUDE_SOURCE;
				MTL_FAST_MATH = YES;
				ONLY_ACTIVE_ARCH = YES;
				SDKROOT = iphoneos;
				SWIFT_ACTIVE_COMPILATION_CONDITIONS = DEBUG;
				SWIFT_OPTIMIZATION_LEVEL = "-Onone";
			};
			name = Debug;
		};
		D428C67B26A3BD2200E0E7DB /* Release */ = {
			isa = XCBuildConfiguration;
			buildSettings = {
				ALWAYS_SEARCH_USER_PATHS = NO;
				CLANG_ANALYZER_NONNULL = YES;
				CLANG_ANALYZER_NUMBER_OBJECT_CONVERSION = YES_AGGRESSIVE;
				CLANG_CXX_LANGUAGE_STANDARD = "gnu++14";
				CLANG_CXX_LIBRARY = "libc++";
				CLANG_ENABLE_MODULES = YES;
				CLANG_ENABLE_OBJC_ARC = YES;
				CLANG_ENABLE_OBJC_WEAK = YES;
				CLANG_WARN_BLOCK_CAPTURE_AUTORELEASING = YES;
				CLANG_WARN_BOOL_CONVERSION = YES;
				CLANG_WARN_COMMA = YES;
				CLANG_WARN_CONSTANT_CONVERSION = YES;
				CLANG_WARN_DEPRECATED_OBJC_IMPLEMENTATIONS = YES;
				CLANG_WARN_DIRECT_OBJC_ISA_USAGE = YES_ERROR;
				CLANG_WARN_DOCUMENTATION_COMMENTS = YES;
				CLANG_WARN_EMPTY_BODY = YES;
				CLANG_WARN_ENUM_CONVERSION = YES;
				CLANG_WARN_INFINITE_RECURSION = YES;
				CLANG_WARN_INT_CONVERSION = YES;
				CLANG_WARN_NON_LITERAL_NULL_CONVERSION = YES;
				CLANG_WARN_OBJC_IMPLICIT_RETAIN_SELF = YES;
				CLANG_WARN_OBJC_LITERAL_CONVERSION = YES;
				CLANG_WARN_OBJC_ROOT_CLASS = YES_ERROR;
				CLANG_WARN_QUOTED_INCLUDE_IN_FRAMEWORK_HEADER = YES;
				CLANG_WARN_RANGE_LOOP_ANALYSIS = YES;
				CLANG_WARN_STRICT_PROTOTYPES = YES;
				CLANG_WARN_SUSPICIOUS_MOVE = YES;
				CLANG_WARN_UNGUARDED_AVAILABILITY = YES_AGGRESSIVE;
				CLANG_WARN_UNREACHABLE_CODE = YES;
				CLANG_WARN__DUPLICATE_METHOD_MATCH = YES;
				COPY_PHASE_STRIP = NO;
				DEBUG_INFORMATION_FORMAT = "dwarf-with-dsym";
				ENABLE_NS_ASSERTIONS = NO;
				ENABLE_STRICT_OBJC_MSGSEND = YES;
				GCC_C_LANGUAGE_STANDARD = gnu11;
				GCC_NO_COMMON_BLOCKS = YES;
				GCC_WARN_64_TO_32_BIT_CONVERSION = YES;
				GCC_WARN_ABOUT_RETURN_TYPE = YES_ERROR;
				GCC_WARN_UNDECLARED_SELECTOR = YES;
				GCC_WARN_UNINITIALIZED_AUTOS = YES_AGGRESSIVE;
				GCC_WARN_UNUSED_FUNCTION = YES;
				GCC_WARN_UNUSED_VARIABLE = YES;
				IPHONEOS_DEPLOYMENT_TARGET = 14.5;
				MTL_ENABLE_DEBUG_INFO = NO;
				MTL_FAST_MATH = YES;
				SDKROOT = iphoneos;
				SWIFT_COMPILATION_MODE = wholemodule;
				SWIFT_OPTIMIZATION_LEVEL = "-O";
				VALIDATE_PRODUCT = YES;
			};
			name = Release;
		};
		D428C67D26A3BD2200E0E7DB /* Debug */ = {
			isa = XCBuildConfiguration;
			buildSettings = {
				ASSETCATALOG_COMPILER_APPICON_NAME = AppIcon;
				ASSETCATALOG_COMPILER_GLOBAL_ACCENT_COLOR_NAME = AccentColor;
				CODE_SIGN_STYLE = Automatic;
				INFOPLIST_FILE = IOS_UIKit_study/Info.plist;
				LD_RUNPATH_SEARCH_PATHS = (
					"$(inherited)",
					"@executable_path/Frameworks",
				);
				PRODUCT_BUNDLE_IDENTIFIER = "Ronick.IOS-UIKit-study";
				PRODUCT_NAME = "$(TARGET_NAME)";
				SWIFT_VERSION = 5.0;
				TARGETED_DEVICE_FAMILY = "1,2";
			};
			name = Debug;
		};
		D428C67E26A3BD2200E0E7DB /* Release */ = {
			isa = XCBuildConfiguration;
			buildSettings = {
				ASSETCATALOG_COMPILER_APPICON_NAME = AppIcon;
				ASSETCATALOG_COMPILER_GLOBAL_ACCENT_COLOR_NAME = AccentColor;
				CODE_SIGN_STYLE = Automatic;
				INFOPLIST_FILE = IOS_UIKit_study/Info.plist;
				LD_RUNPATH_SEARCH_PATHS = (
					"$(inherited)",
					"@executable_path/Frameworks",
				);
				PRODUCT_BUNDLE_IDENTIFIER = "Ronick.IOS-UIKit-study";
				PRODUCT_NAME = "$(TARGET_NAME)";
				SWIFT_VERSION = 5.0;
				TARGETED_DEVICE_FAMILY = "1,2";
			};
			name = Release;
		};
/* End XCBuildConfiguration section */

/* Begin XCConfigurationList section */
		D428C66326A3BD2000E0E7DB /* Build configuration list for PBXProject "IOS_UIKit_study" */ = {
			isa = XCConfigurationList;
			buildConfigurations = (
				D428C67A26A3BD2200E0E7DB /* Debug */,
				D428C67B26A3BD2200E0E7DB /* Release */,
			);
			defaultConfigurationIsVisible = 0;
			defaultConfigurationName = Release;
		};
		D428C67C26A3BD2200E0E7DB /* Build configuration list for PBXNativeTarget "IOS_UIKit_study" */ = {
			isa = XCConfigurationList;
			buildConfigurations = (
				D428C67D26A3BD2200E0E7DB /* Debug */,
				D428C67E26A3BD2200E0E7DB /* Release */,
			);
			defaultConfigurationIsVisible = 0;
			defaultConfigurationName = Release;
		};
/* End XCConfigurationList section */
	};
	rootObject = D428C66026A3BD2000E0E7DB /* Project object */;
}
